# THIS IS AN AUTOGENERATED FILE. DO NOT EDIT THIS FILE DIRECTLY.
# yarn lockfile v1


oauthlib@^0.0.1:
  version "0.0.1"
  resolved "https://registry.yarnpkg.com/oauthlib/-/oauthlib-0.0.1.tgz#6231348376d0d62c59e76b7e97cb243123b3a5c9"
  integrity sha512-dLcLoibTckJc5ArGOz6S7lkhTKYUI/fhiLijAu+1HIWQOoHaufQYJCVMl+4XMFUrv4BpbZjxN5PQ0eLoQmM/lg==
